
Microsoft Visual Studio Solution File, Format Version 12.00
# Visual Studio Version 17
VisualStudioVersion = 17.12.35527.113 d17.12
MinimumVisualStudioVersion = 10.0.40219.1
Project("{FAE04EC0-301F-11D3-BF4B-00C04F79EFBC}") = "Mathmatics", "Mathmatics\Mathmatics.csproj", "{C7FD9CDD-7E41-4A2E-962D-076A9261A4DC}"
EndProject
Project("{FAE04EC0-301F-11D3-BF4B-00C04F79EFBC}") = "Mathmatics.Test", "Mathmatics.Test\Mathmatics.Test.csproj", "{15E1A763-E828-4478-B3D0-0686BFF48838}"
EndProject
Global
	GlobalSection(SolutionConfigurationPlatforms) = preSolution
		Debug|Any CPU = Debug|Any CPU
		Release|Any CPU = Release|Any CPU
	EndGlobalSection
	GlobalSection(ProjectConfigurationPlatforms) = postSolution
		{C7FD9CDD-7E41-4A2E-962D-076A9261A4DC}.Debug|Any CPU.ActiveCfg = Debug|Any CPU
		{C7FD9CDD-7E41-4A2E-962D-076A9261A4DC}.Debug|Any CPU.Build.0 = Debug|Any CPU
		{C7FD9CDD-7E41-4A2E-962D-076A9261A4DC}.Release|Any CPU.ActiveCfg = Release|Any CPU
		{C7FD9CDD-7E41-4A2E-962D-076A9261A4DC}.Release|Any CPU.Build.0 = Release|Any CPU
		{15E1A763-E828-4478-B3D0-0686BFF48838}.Debug|Any CPU.ActiveCfg = Debug|Any CPU
		{15E1A763-E828-4478-B3D0-0686BFF48838}.Debug|Any CPU.Build.0 = Debug|Any CPU
		{15E1A763-E828-4478-B3D0-0686BFF48838}.Release|Any CPU.ActiveCfg = Release|Any CPU
		{15E1A763-E828-4478-B3D0-0686BFF48838}.Release|Any CPU.Build.0 = Release|Any CPU
	EndGlobalSection
	GlobalSection(SolutionProperties) = preSolution
		HideSolutionNode = FALSE
	EndGlobalSection
EndGlobal
